// !$*UTF8*$!
{
	archiveVersion = 1;
	classes = {
	};
	objectVersion = 46;
	objects = {

/* Begin PBXBuildFile section */
		0136AB52BF302454EB0CE0B3 /* Pods_TwitterLBTA.framework in Frameworks */ = {isa = PBXBuildFile; fileRef = 5C1BBDBAB79BA370DA4376D8 /* Pods_TwitterLBTA.framework */; };
		5A16FD4E1E13097600157728 /* AppDelegate.swift in Sources */ = {isa = PBXBuildFile; fileRef = 5A16FD4D1E13097600157728 /* AppDelegate.swift */; };
		5A16FD551E13097600157728 /* Assets.xcassets in Resources */ = {isa = PBXBuildFile; fileRef = 5A16FD541E13097600157728 /* Assets.xcassets */; };
		5A16FD581E13097600157728 /* LaunchScreen.storyboard in Resources */ = {isa = PBXBuildFile; fileRef = 5A16FD561E13097600157728 /* LaunchScreen.storyboard */; };
		5A16FD601E130B0A00157728 /* HomeController.swift in Sources */ = {isa = PBXBuildFile; fileRef = 5A16FD5F1E130B0A00157728 /* HomeController.swift */; };
		5AB5EB1B1E1AE0CC00188E63 /* HomeDatasourceController.swift in Sources */ = {isa = PBXBuildFile; fileRef = 5AB5EB1A1E1AE0CC00188E63 /* HomeDatasourceController.swift */; };
		5AB5EB201E1AE9AE00188E63 /* Cells.swift in Sources */ = {isa = PBXBuildFile; fileRef = 5AB5EB1F1E1AE9AE00188E63 /* Cells.swift */; };
		5AB5EB221E1AEA0700188E63 /* HomeDatasource.swift in Sources */ = {isa = PBXBuildFile; fileRef = 5AB5EB211E1AEA0700188E63 /* HomeDatasource.swift */; };
/* End PBXBuildFile section */

/* Begin PBXFileReference section */
		100C566F2FC7F7585DBDF0B4 /* Pods-TwitterLBTA.release.xcconfig */ = {isa = PBXFileReference; includeInIndex = 1; lastKnownFileType = text.xcconfig; name = "Pods-TwitterLBTA.release.xcconfig"; path = "Pods/Target Support Files/Pods-TwitterLBTA/Pods-TwitterLBTA.release.xcconfig"; sourceTree = "<group>"; };
		23666180FECFB5929115154B /* Pods-TwitterLBTA.debug.xcconfig */ = {isa = PBXFileReference; includeInIndex = 1; lastKnownFileType = text.xcconfig; name = "Pods-TwitterLBTA.debug.xcconfig"; path = "Pods/Target Support Files/Pods-TwitterLBTA/Pods-TwitterLBTA.debug.xcconfig"; sourceTree = "<group>"; };
		5A16FD4A1E13097600157728 /* TwitterLBTA.app */ = {isa = PBXFileReference; explicitFileType = wrapper.application; includeInIndex = 0; path = TwitterLBTA.app; sourceTree = BUILT_PRODUCTS_DIR; };
		5A16FD4D1E13097600157728 /* AppDelegate.swift */ = {isa = PBXFileReference; lastKnownFileType = sourcecode.swift; path = AppDelegate.swift; sourceTree = "<group>"; };
		5A16FD541E13097600157728 /* Assets.xcassets */ = {isa = PBXFileReference; lastKnownFileType = folder.assetcatalog; path = Assets.xcassets; sourceTree = "<group>"; };
		5A16FD571E13097600157728 /* Base */ = {isa = PBXFileReference; lastKnownFileType = file.storyboard; name = Base; path = Base.lproj/LaunchScreen.storyboard; sourceTree = "<group>"; };
		5A16FD591E13097600157728 /* Info.plist */ = {isa = PBXFileReference; lastKnownFileType = text.plist.xml; path = Info.plist; sourceTree = "<group>"; };
		5A16FD5F1E130B0A00157728 /* HomeController.swift */ = {isa = PBXFileReference; fileEncoding = 4; lastKnownFileType = sourcecode.swift; path = HomeController.swift; sourceTree = "<group>"; };
		5AB5EB1A1E1AE0CC00188E63 /* HomeDatasourceController.swift */ = {isa = PBXFileReference; fileEncoding = 4; lastKnownFileType = sourcecode.swift; path = HomeDatasourceController.swift; sourceTree = "<group>"; };
		5AB5EB1F1E1AE9AE00188E63 /* Cells.swift */ = {isa = PBXFileReference; fileEncoding = 4; lastKnownFileType = sourcecode.swift; path = Cells.swift; sourceTree = "<group>"; };
		5AB5EB211E1AEA0700188E63 /* HomeDatasource.swift */ = {isa = PBXFileReference; fileEncoding = 4; lastKnownFileType = sourcecode.swift; path = HomeDatasource.swift; sourceTree = "<group>"; };
		5C1BBDBAB79BA370DA4376D8 /* Pods_TwitterLBTA.framework */ = {isa = PBXFileReference; explicitFileType = wrapper.framework; includeInIndex = 0; path = Pods_TwitterLBTA.framework; sourceTree = BUILT_PRODUCTS_DIR; };
/* End PBXFileReference section */

/* Begin PBXFrameworksBuildPhase section */
		5A16FD471E13097600157728 /* Frameworks */ = {
			isa = PBXFrameworksBuildPhase;
			buildActionMask = 2147483647;
			files = (
				0136AB52BF302454EB0CE0B3 /* Pods_TwitterLBTA.framework in Frameworks */,
			);
			runOnlyForDeploymentPostprocessing = 0;
		};
/* End PBXFrameworksBuildPhase section */

/* Begin PBXGroup section */
		454CED49FCEBB31395CF1513 /* Frameworks */ = {
			isa = PBXGroup;
			children = (
				5C1BBDBAB79BA370DA4376D8 /* Pods_TwitterLBTA.framework */,
			);
			name = Frameworks;
			sourceTree = "<group>";
		};
		5A16FD411E13097600157728 = {
			isa = PBXGroup;
			children = (
				5A16FD4C1E13097600157728 /* TwitterLBTA */,
				5A16FD4B1E13097600157728 /* Products */,
				B8A7CD0707AD9F0F17B6FD50 /* Pods */,
				454CED49FCEBB31395CF1513 /* Frameworks */,
			);
			sourceTree = "<group>";
		};
		5A16FD4B1E13097600157728 /* Products */ = {
			isa = PBXGroup;
			children = (
				5A16FD4A1E13097600157728 /* TwitterLBTA.app */,
			);
			name = Products;
			sourceTree = "<group>";
		};
		5A16FD4C1E13097600157728 /* TwitterLBTA */ = {
			isa = PBXGroup;
			children = (
				5AB5EB1E1E1AE95200188E63 /* View */,
				5AB5EB1D1E1AE94000188E63 /* Model */,
				5AB5EB1C1E1AE92500188E63 /* Controller */,
				5A16FD4D1E13097600157728 /* AppDelegate.swift */,
				5A16FD5F1E130B0A00157728 /* HomeController.swift */,
				5A16FD541E13097600157728 /* Assets.xcassets */,
				5A16FD561E13097600157728 /* LaunchScreen.storyboard */,
				5A16FD591E13097600157728 /* Info.plist */,
			);
			path = TwitterLBTA;
			sourceTree = "<group>";
		};
		5AB5EB1C1E1AE92500188E63 /* Controller */ = {
			isa = PBXGroup;
			children = (
				5AB5EB1A1E1AE0CC00188E63 /* HomeDatasourceController.swift */,
			);
			name = Controller;
			sourceTree = "<group>";
		};
		5AB5EB1D1E1AE94000188E63 /* Model */ = {
			isa = PBXGroup;
			children = (
				5AB5EB211E1AEA0700188E63 /* HomeDatasource.swift */,
			);
			name = Model;
			sourceTree = "<group>";
		};
		5AB5EB1E1E1AE95200188E63 /* View */ = {
			isa = PBXGroup;
			children = (
				5AB5EB1F1E1AE9AE00188E63 /* Cells.swift */,
			);
			name = View;
			sourceTree = "<group>";
		};
		B8A7CD0707AD9F0F17B6FD50 /* Pods */ = {
			isa = PBXGroup;
			children = (
				23666180FECFB5929115154B /* Pods-TwitterLBTA.debug.xcconfig */,
				100C566F2FC7F7585DBDF0B4 /* Pods-TwitterLBTA.release.xcconfig */,
			);
			name = Pods;
			sourceTree = "<group>";
		};
/* End PBXGroup section */

/* Begin PBXNativeTarget section */
		5A16FD491E13097600157728 /* TwitterLBTA */ = {
			isa = PBXNativeTarget;
			buildConfigurationList = 5A16FD5C1E13097600157728 /* Build configuration list for PBXNativeTarget "TwitterLBTA" */;
			buildPhases = (
				B454F5AD538CB092FBA5FC6E /* [CP] Check Pods Manifest.lock */,
				5A16FD461E13097600157728 /* Sources */,
				5A16FD471E13097600157728 /* Frameworks */,
				5A16FD481E13097600157728 /* Resources */,
				46FB6F22DD12EF78FFA92F87 /* [CP] Embed Pods Frameworks */,
				98B43BECF512C5BD84C6F8D8 /* [CP] Copy Pods Resources */,
			);
			buildRules = (
			);
			dependencies = (
			);
			name = TwitterLBTA;
			productName = TwitterLBTA;
			productReference = 5A16FD4A1E13097600157728 /* TwitterLBTA.app */;
			productType = "com.apple.product-type.application";
		};
/* End PBXNativeTarget section */

/* Begin PBXProject section */
		5A16FD421E13097600157728 /* Project object */ = {
			isa = PBXProject;
			attributes = {
				LastSwiftUpdateCheck = 0820;
				LastUpgradeCheck = 0820;
				ORGANIZATIONNAME = "Stephan Wegmann";
				TargetAttributes = {
					5A16FD491E13097600157728 = {
						CreatedOnToolsVersion = 8.2;
						DevelopmentTeam = M5VFTK8Q75;
						ProvisioningStyle = Automatic;
					};
				};
			};
			buildConfigurationList = 5A16FD451E13097600157728 /* Build configuration list for PBXProject "TwitterLBTA" */;
			compatibilityVersion = "Xcode 3.2";
			developmentRegion = English;
			hasScannedForEncodings = 0;
			knownRegions = (
				en,
				Base,
			);
			mainGroup = 5A16FD411E13097600157728;
			productRefGroup = 5A16FD4B1E13097600157728 /* Products */;
			projectDirPath = "";
			projectRoot = "";
			targets = (
				5A16FD491E13097600157728 /* TwitterLBTA */,
			);
		};
/* End PBXProject section */

/* Begin PBXResourcesBuildPhase section */
		5A16FD481E13097600157728 /* Resources */ = {
			isa = PBXResourcesBuildPhase;
			buildActionMask = 2147483647;
			files = (
				5A16FD581E13097600157728 /* LaunchScreen.storyboard in Resources */,
				5A16FD551E13097600157728 /* Assets.xcassets in Resources */,
			);
			runOnlyForDeploymentPostprocessing = 0;
		};
/* End PBXResourcesBuildPhase section */

/* Begin PBXShellScriptBuildPhase section */
		46FB6F22DD12EF78FFA92F87 /* [CP] Embed Pods Frameworks */ = {
			isa = PBXShellScriptBuildPhase;
			buildActionMask = 2147483647;
			files = (
			);
			inputPaths = (
			);
			name = "[CP] Embed Pods Frameworks";
			outputPaths = (
			);
			runOnlyForDeploymentPostprocessing = 0;
			shellPath = /bin/sh;
			shellScript = "\"${SRCROOT}/Pods/Target Support Files/Pods-TwitterLBTA/Pods-TwitterLBTA-frameworks.sh\"\n";
			showEnvVarsInLog = 0;
		};
		98B43BECF512C5BD84C6F8D8 /* [CP] Copy Pods Resources */ = {
			isa = PBXShellScriptBuildPhase;
			buildActionMask = 2147483647;
			files = (
			);
			inputPaths = (
			);
			name = "[CP] Copy Pods Resources";
			outputPaths = (
			);
			runOnlyForDeploymentPostprocessing = 0;
			shellPath = /bin/sh;
			shellScript = "\"${SRCROOT}/Pods/Target Support Files/Pods-TwitterLBTA/Pods-TwitterLBTA-resources.sh\"\n";
			showEnvVarsInLog = 0;
		};
		B454F5AD538CB092FBA5FC6E /* [CP] Check Pods Manifest.lock */ = {
			isa = PBXShellScriptBuildPhase;
			buildActionMask = 2147483647;
			files = (
			);
			inputPaths = (
			);
			name = "[CP] Check Pods Manifest.lock";
			outputPaths = (
			);
			runOnlyForDeploymentPostprocessing = 0;
			shellPath = /bin/sh;
			shellScript = "diff \"${PODS_ROOT}/../Podfile.lock\" \"${PODS_ROOT}/Manifest.lock\" > /dev/null\nif [ $? != 0 ] ; then\n    # print error to STDERR\n    echo \"error: The sandbox is not in sync with the Podfile.lock. Run 'pod install' or update your CocoaPods installation.\" >&2\n    exit 1\nfi\n";
			showEnvVarsInLog = 0;
		};
/* End PBXShellScriptBuildPhase section */

/* Begin PBXSourcesBuildPhase section */
		5A16FD461E13097600157728 /* Sources */ = {
			isa = PBXSourcesBuildPhase;
			buildActionMask = 2147483647;
			files = (
				5AB5EB221E1AEA0700188E63 /* HomeDatasource.swift in Sources */,
				5A16FD4E1E13097600157728 /* AppDelegate.swift in Sources */,
				5AB5EB201E1AE9AE00188E63 /* Cells.swift in Sources */,
				5AB5EB1B1E1AE0CC00188E63 /* HomeDatasourceController.swift in Sources */,
				5A16FD601E130B0A00157728 /* HomeController.swift in Sources */,
			);
			runOnlyForDeploymentPostprocessing = 0;
		};
/* End PBXSourcesBuildPhase section */

/* Begin PBXVariantGroup section */
		5A16FD561E13097600157728 /* LaunchScreen.storyboard */ = {
			isa = PBXVariantGroup;
			children = (
				5A16FD571E13097600157728 /* Base */,
			);
			name = LaunchScreen.storyboard;
			sourceTree = "<group>";
		};
/* End PBXVariantGroup section */

/* Begin XCBuildConfiguration section */
		5A16FD5A1E13097600157728 /* Debug */ = {
			isa = XCBuildConfiguration;
			buildSettings = {
				ALWAYS_SEARCH_USER_PATHS = NO;
				CLANG_ANALYZER_NONNULL = YES;
				CLANG_CXX_LANGUAGE_STANDARD = "gnu++0x";
				CLANG_CXX_LIBRARY = "libc++";
				CLANG_ENABLE_MODULES = YES;
				CLANG_ENABLE_OBJC_ARC = YES;
				CLANG_WARN_BOOL_CONVERSION = YES;
				CLANG_WARN_CONSTANT_CONVERSION = YES;
				CLANG_WARN_DIRECT_OBJC_ISA_USAGE = YES_ERROR;
				CLANG_WARN_DOCUMENTATION_COMMENTS = YES;
				CLANG_WARN_EMPTY_BODY = YES;
				CLANG_WARN_ENUM_CONVERSION = YES;
				CLANG_WARN_INFINITE_RECURSION = YES;
				CLANG_WARN_INT_CONVERSION = YES;
				CLANG_WARN_OBJC_ROOT_CLASS = YES_ERROR;
				CLANG_WARN_SUSPICIOUS_MOVE = YES;
				CLANG_WARN_UNREACHABLE_CODE = YES;
				CLANG_WARN__DUPLICATE_METHOD_MATCH = YES;
				"CODE_SIGN_IDENTITY[sdk=iphoneos*]" = "iPhone Developer";
				COPY_PHASE_STRIP = NO;
				DEBUG_INFORMATION_FORMAT = dwarf;
				ENABLE_STRICT_OBJC_MSGSEND = YES;
				ENABLE_TESTABILITY = YES;
				GCC_C_LANGUAGE_STANDARD = gnu99;
				GCC_DYNAMIC_NO_PIC = NO;
				GCC_NO_COMMON_BLOCKS = YES;
				GCC_OPTIMIZATION_LEVEL = 0;
				GCC_PREPROCESSOR_DEFINITIONS = (
					"DEBUG=1",
					"$(inherited)",
				);
				GCC_WARN_64_TO_32_BIT_CONVERSION = YES;
				GCC_WARN_ABOUT_RETURN_TYPE = YES_ERROR;
				GCC_WARN_UNDECLARED_SELECTOR = YES;
				GCC_WARN_UNINITIALIZED_AUTOS = YES_AGGRESSIVE;
				GCC_WARN_UNUSED_FUNCTION = YES;
				GCC_WARN_UNUSED_VARIABLE = YES;
				IPHONEOS_DEPLOYMENT_TARGET = 10.2;
				MTL_ENABLE_DEBUG_INFO = YES;
				ONLY_ACTIVE_ARCH = YES;
				SDKROOT = iphoneos;
				SWIFT_ACTIVE_COMPILATION_CONDITIONS = DEBUG;
				SWIFT_OPTIMIZATION_LEVEL = "-Onone";
				TARGETED_DEVICE_FAMILY = "1,2";
			};
			name = Debug;
		};
		5A16FD5B1E13097600157728 /* Release */ = {
			isa = XCBuildConfiguration;
			buildSettings = {
				ALWAYS_SEARCH_USER_PATHS = NO;
				CLANG_ANALYZER_NONNULL = YES;
				CLANG_CXX_LANGUAGE_STANDARD = "gnu++0x";
				CLANG_CXX_LIBRARY = "libc++";
				CLANG_ENABLE_MODULES = YES;
				CLANG_ENABLE_OBJC_ARC = YES;
				CLANG_WARN_BOOL_CONVERSION = YES;
				CLANG_WARN_CONSTANT_CONVERSION = YES;
				CLANG_WARN_DIRECT_OBJC_ISA_USAGE = YES_ERROR;
				CLANG_WARN_DOCUMENTATION_COMMENTS = YES;
				CLANG_WARN_EMPTY_BODY = YES;
				CLANG_WARN_ENUM_CONVERSION = YES;
				CLANG_WARN_INFINITE_RECURSION = YES;
				CLANG_WARN_INT_CONVERSION = YES;
				CLANG_WARN_OBJC_ROOT_CLASS = YES_ERROR;
				CLANG_WARN_SUSPICIOUS_MOVE = YES;
				CLANG_WARN_UNREACHABLE_CODE = YES;
				CLANG_WARN__DUPLICATE_METHOD_MATCH = YES;
				"CODE_SIGN_IDENTITY[sdk=iphoneos*]" = "iPhone Developer";
				COPY_PHASE_STRIP = NO;
				DEBUG_INFORMATION_FORMAT = "dwarf-with-dsym";
				ENABLE_NS_ASSERTIONS = NO;
				ENABLE_STRICT_OBJC_MSGSEND = YES;
				GCC_C_LANGUAGE_STANDARD = gnu99;
				GCC_NO_COMMON_BLOCKS = YES;
				GCC_WARN_64_TO_32_BIT_CONVERSION = YES;
				GCC_WARN_ABOUT_RETURN_TYPE = YES_ERROR;
				GCC_WARN_UNDECLARED_SELECTOR = YES;
				GCC_WARN_UNINITIALIZED_AUTOS = YES_AGGRESSIVE;
				GCC_WARN_UNUSED_FUNCTION = YES;
				GCC_WARN_UNUSED_VARIABLE = YES;
				IPHONEOS_DEPLOYMENT_TARGET = 10.2;
				MTL_ENABLE_DEBUG_INFO = NO;
				SDKROOT = iphoneos;
				SWIFT_OPTIMIZATION_LEVEL = "-Owholemodule";
				TARGETED_DEVICE_FAMILY = "1,2";
				VALIDATE_PRODUCT = YES;
			};
			name = Release;
		};
		5A16FD5D1E13097600157728 /* Debug */ = {
			isa = XCBuildConfiguration;
			baseConfigurationReference = 23666180FECFB5929115154B /* Pods-TwitterLBTA.debug.xcconfig */;
			buildSettings = {
				ALWAYS_EMBED_SWIFT_STANDARD_LIBRARIES = YES;
				ASSETCATALOG_COMPILER_APPICON_NAME = AppIcon;
				DEVELOPMENT_TEAM = M5VFTK8Q75;
				INFOPLIST_FILE = TwitterLBTA/Info.plist;
				LD_RUNPATH_SEARCH_PATHS = "$(inherited) @executable_path/Frameworks";
				PRODUCT_BUNDLE_IDENTIFIER = com.articyoulate.TwitterLBTA;
				PRODUCT_NAME = "$(TARGET_NAME)";
				SWIFT_VERSION = 3.0;
			};
			name = Debug;
		};
		5A16FD5E1E13097600157728 /* Release */ = {
			isa = XCBuildConfiguration;
			baseConfigurationReference = 100C566F2FC7F7585DBDF0B4 /* Pods-TwitterLBTA.release.xcconfig */;
			buildSettings = {
				ALWAYS_EMBED_SWIFT_STANDARD_LIBRARIES = YES;
				ASSETCATALOG_COMPILER_APPICON_NAME = AppIcon;
				DEVELOPMENT_TEAM = M5VFTK8Q75;
				INFOPLIST_FILE = TwitterLBTA/Info.plist;
				LD_RUNPATH_SEARCH_PATHS = "$(inherited) @executable_path/Frameworks";
				PRODUCT_BUNDLE_IDENTIFIER = com.articyoulate.TwitterLBTA;
				PRODUCT_NAME = "$(TARGET_NAME)";
				SWIFT_VERSION = 3.0;
			};
			name = Release;
		};
/* End XCBuildConfiguration section */

/* Begin XCConfigurationList section */
		5A16FD451E13097600157728 /* Build configuration list for PBXProject "TwitterLBTA" */ = {
			isa = XCConfigurationList;
			buildConfigurations = (
				5A16FD5A1E13097600157728 /* Debug */,
				5A16FD5B1E13097600157728 /* Release */,
			);
			defaultConfigurationIsVisible = 0;
			defaultConfigurationName = Release;
		};
		5A16FD5C1E13097600157728 /* Build configuration list for PBXNativeTarget "TwitterLBTA" */ = {
			isa = XCConfigurationList;
			buildConfigurations = (
				5A16FD5D1E13097600157728 /* Debug */,
				5A16FD5E1E13097600157728 /* Release */,
			);
			defaultConfigurationIsVisible = 0;
			defaultConfigurationName = Release;
		};
/* End XCConfigurationList section */
	};
	rootObject = 5A16FD421E13097600157728 /* Project object */;
}
